// !$*UTF8*$!
{
	archiveVersion = 1;
	classes = {
	};
	objectVersion = 56;
	objects = {

/* Begin PBXBuildFile section */
		9C873D062B299552008D8277 /* CheckInBoxApp.swift in Sources */ = {isa = PBXBuildFile; fileRef = 9C873D052B299552008D8277 /* CheckInBoxApp.swift */; };
		9C873D0A2B299553008D8277 /* Assets.xcassets in Resources */ = {isa = PBXBuildFile; fileRef = 9C873D092B299553008D8277 /* Assets.xcassets */; };
		9C873D0D2B299553008D8277 /* Preview Assets.xcassets in Resources */ = {isa = PBXBuildFile; fileRef = 9C873D0C2B299553008D8277 /* Preview Assets.xcassets */; };
		9C873D172B299553008D8277 /* CheckInBoxTests.swift in Sources */ = {isa = PBXBuildFile; fileRef = 9C873D162B299553008D8277 /* CheckInBoxTests.swift */; };
		9C902E032B340D6700EA5B9F /* GoogleService-Info.plist in Resources */ = {isa = PBXBuildFile; fileRef = 9C902E022B340D6700EA5B9F /* GoogleService-Info.plist */; };
		9CB330C92B3EA306002B861B /* Features in Frameworks */ = {isa = PBXBuildFile; productRef = 9CB330C82B3EA306002B861B /* Features */; };
/* End PBXBuildFile section */

/* Begin PBXContainerItemProxy section */
		9C873D132B299553008D8277 /* PBXContainerItemProxy */ = {
			isa = PBXContainerItemProxy;
			containerPortal = 9C873CFA2B299551008D8277 /* Project object */;
			proxyType = 1;
			remoteGlobalIDString = 9C873D012B299551008D8277;
			remoteInfo = "check-in-box-ios";
		};
/* End PBXContainerItemProxy section */

/* Begin PBXFileReference section */
		9C2C8C332B397F060056432B /* check-in-box-ios.xctestplan */ = {isa = PBXFileReference; lastKnownFileType = text; path = "check-in-box-ios.xctestplan"; sourceTree = "<group>"; };
		9C873D022B299551008D8277 /* check-in-box-ios.app */ = {isa = PBXFileReference; explicitFileType = wrapper.application; includeInIndex = 0; path = "check-in-box-ios.app"; sourceTree = BUILT_PRODUCTS_DIR; };
		9C873D052B299552008D8277 /* CheckInBoxApp.swift */ = {isa = PBXFileReference; lastKnownFileType = sourcecode.swift; path = CheckInBoxApp.swift; sourceTree = "<group>"; };
		9C873D092B299553008D8277 /* Assets.xcassets */ = {isa = PBXFileReference; lastKnownFileType = folder.assetcatalog; path = Assets.xcassets; sourceTree = "<group>"; };
		9C873D0C2B299553008D8277 /* Preview Assets.xcassets */ = {isa = PBXFileReference; lastKnownFileType = folder.assetcatalog; path = "Preview Assets.xcassets"; sourceTree = "<group>"; };
		9C873D122B299553008D8277 /* check-in-box-iosTests.xctest */ = {isa = PBXFileReference; explicitFileType = wrapper.cfbundle; includeInIndex = 0; path = "check-in-box-iosTests.xctest"; sourceTree = BUILT_PRODUCTS_DIR; };
		9C873D162B299553008D8277 /* CheckInBoxTests.swift */ = {isa = PBXFileReference; lastKnownFileType = sourcecode.swift; path = CheckInBoxTests.swift; sourceTree = "<group>"; };
		9C873D312B299DC7008D8277 /* Features */ = {isa = PBXFileReference; lastKnownFileType = wrapper; path = Features; sourceTree = "<group>"; };
		9C902E022B340D6700EA5B9F /* GoogleService-Info.plist */ = {isa = PBXFileReference; fileEncoding = 4; lastKnownFileType = text.plist.xml; path = "GoogleService-Info.plist"; sourceTree = "<group>"; };
/* End PBXFileReference section */

/* Begin PBXFrameworksBuildPhase section */
		9C873CFF2B299551008D8277 /* Frameworks */ = {
			isa = PBXFrameworksBuildPhase;
			buildActionMask = 2147483647;
			files = (
				9CB330C92B3EA306002B861B /* Features in Frameworks */,
			);
			runOnlyForDeploymentPostprocessing = 0;
		};
		9C873D0F2B299553008D8277 /* Frameworks */ = {
			isa = PBXFrameworksBuildPhase;
			buildActionMask = 2147483647;
			files = (
			);
			runOnlyForDeploymentPostprocessing = 0;
		};
/* End PBXFrameworksBuildPhase section */

/* Begin PBXGroup section */
		9C873CF92B299551008D8277 = {
			isa = PBXGroup;
			children = (
				9C2C8C332B397F060056432B /* check-in-box-ios.xctestplan */,
				9C873D312B299DC7008D8277 /* Features */,
				9C873D042B299551008D8277 /* check-in-box-ios */,
				9C873D152B299553008D8277 /* check-in-box-iosTests */,
				9C873D032B299551008D8277 /* Products */,
				9C873D342B29BEDD008D8277 /* Frameworks */,
			);
			sourceTree = "<group>";
		};
		9C873D032B299551008D8277 /* Products */ = {
			isa = PBXGroup;
			children = (
				9C873D022B299551008D8277 /* check-in-box-ios.app */,
				9C873D122B299553008D8277 /* check-in-box-iosTests.xctest */,
			);
			name = Products;
			sourceTree = "<group>";
		};
		9C873D042B299551008D8277 /* check-in-box-ios */ = {
			isa = PBXGroup;
			children = (
				9C873D052B299552008D8277 /* CheckInBoxApp.swift */,
				9C873D092B299553008D8277 /* Assets.xcassets */,
				9C902E022B340D6700EA5B9F /* GoogleService-Info.plist */,
				9C873D0B2B299553008D8277 /* Preview Content */,
			);
			path = "check-in-box-ios";
			sourceTree = "<group>";
		};
		9C873D0B2B299553008D8277 /* Preview Content */ = {
			isa = PBXGroup;
			children = (
				9C873D0C2B299553008D8277 /* Preview Assets.xcassets */,
			);
			path = "Preview Content";
			sourceTree = "<group>";
		};
		9C873D152B299553008D8277 /* check-in-box-iosTests */ = {
			isa = PBXGroup;
			children = (
				9C873D162B299553008D8277 /* CheckInBoxTests.swift */,
			);
			path = "check-in-box-iosTests";
			sourceTree = "<group>";
		};
		9C873D342B29BEDD008D8277 /* Frameworks */ = {
			isa = PBXGroup;
			children = (
			);
			name = Frameworks;
			sourceTree = "<group>";
		};
/* End PBXGroup section */

/* Begin PBXNativeTarget section */
		9C873D012B299551008D8277 /* check-in-box-ios */ = {
			isa = PBXNativeTarget;
			buildConfigurationList = 9C873D262B299553008D8277 /* Build configuration list for PBXNativeTarget "check-in-box-ios" */;
			buildPhases = (
				9C873CFE2B299551008D8277 /* Sources */,
				9C873CFF2B299551008D8277 /* Frameworks */,
				9C873D002B299551008D8277 /* Resources */,
				9CB330C72B3EA128002B861B /* ShellScript */,
			);
			buildRules = (
			);
			dependencies = (
			);
			name = "check-in-box-ios";
			packageProductDependencies = (
				9CB330C82B3EA306002B861B /* Features */,
			);
			productName = "check-in-box-ios";
			productReference = 9C873D022B299551008D8277 /* check-in-box-ios.app */;
			productType = "com.apple.product-type.application";
		};
		9C873D112B299553008D8277 /* check-in-box-iosTests */ = {
			isa = PBXNativeTarget;
			buildConfigurationList = 9C873D292B299553008D8277 /* Build configuration list for PBXNativeTarget "check-in-box-iosTests" */;
			buildPhases = (
				9C873D0E2B299553008D8277 /* Sources */,
				9C873D0F2B299553008D8277 /* Frameworks */,
				9C873D102B299553008D8277 /* Resources */,
			);
			buildRules = (
			);
			dependencies = (
				9C873D142B299553008D8277 /* PBXTargetDependency */,
			);
			name = "check-in-box-iosTests";
			productName = "check-in-box-iosTests";
			productReference = 9C873D122B299553008D8277 /* check-in-box-iosTests.xctest */;
			productType = "com.apple.product-type.bundle.unit-test";
		};
/* End PBXNativeTarget section */

/* Begin PBXProject section */
		9C873CFA2B299551008D8277 /* Project object */ = {
			isa = PBXProject;
			attributes = {
				BuildIndependentTargetsInParallel = 1;
				LastSwiftUpdateCheck = 1500;
				LastUpgradeCheck = 1500;
				TargetAttributes = {
					9C873D012B299551008D8277 = {
						CreatedOnToolsVersion = 15.0.1;
					};
					9C873D112B299553008D8277 = {
						CreatedOnToolsVersion = 15.0.1;
						TestTargetID = 9C873D012B299551008D8277;
					};
				};
			};
			buildConfigurationList = 9C873CFD2B299551008D8277 /* Build configuration list for PBXProject "check-in-box-ios" */;
			compatibilityVersion = "Xcode 14.0";
			developmentRegion = en;
			hasScannedForEncodings = 0;
			knownRegions = (
				en,
				Base,
			);
			mainGroup = 9C873CF92B299551008D8277;
			productRefGroup = 9C873D032B299551008D8277 /* Products */;
			projectDirPath = "";
			projectRoot = "";
			targets = (
				9C873D012B299551008D8277 /* check-in-box-ios */,
				9C873D112B299553008D8277 /* check-in-box-iosTests */,
			);
		};
/* End PBXProject section */

/* Begin PBXResourcesBuildPhase section */
		9C873D002B299551008D8277 /* Resources */ = {
			isa = PBXResourcesBuildPhase;
			buildActionMask = 2147483647;
			files = (
				9C873D0D2B299553008D8277 /* Preview Assets.xcassets in Resources */,
				9C873D0A2B299553008D8277 /* Assets.xcassets in Resources */,
				9C902E032B340D6700EA5B9F /* GoogleService-Info.plist in Resources */,
			);
			runOnlyForDeploymentPostprocessing = 0;
		};
		9C873D102B299553008D8277 /* Resources */ = {
			isa = PBXResourcesBuildPhase;
			buildActionMask = 2147483647;
			files = (
			);
			runOnlyForDeploymentPostprocessing = 0;
		};
/* End PBXResourcesBuildPhase section */

/* Begin PBXShellScriptBuildPhase section */
		9CB330C72B3EA128002B861B /* ShellScript */ = {
			isa = PBXShellScriptBuildPhase;
			buildActionMask = 2147483647;
			files = (
			);
			inputFileListPaths = (
			);
			inputPaths = (
				"${DWARF_DSYM_FOLDER_PATH}/${DWARF_DSYM_FILE_NAME}",
				"${DWARF_DSYM_FOLDER_PATH}/${DWARF_DSYM_FILE_NAME}/Contents/Resources/DWARF/${PRODUCT_NAME}",
				"${DWARF_DSYM_FOLDER_PATH}/${DWARF_DSYM_FILE_NAME}/Contents/Info.plist",
				"$(TARGET_BUILD_DIR)/$(UNLOCALIZED_RESOURCES_FOLDER_PATH)/GoogleService-Info.plist",
				"$(TARGET_BUILD_DIR)/$(EXECUTABLE_PATH)",
			);
			outputFileListPaths = (
			);
			outputPaths = (
			);
			runOnlyForDeploymentPostprocessing = 0;
			shellPath = /bin/sh;
			shellScript = "# Type a script or drag a script file from your workspace to insert its path.\n${BUILD_DIR%/Build/*}/SourcePackages/checkouts/firebase-ios-sdk/Crashlytics/run\n";
		};
/* End PBXShellScriptBuildPhase section */

/* Begin PBXSourcesBuildPhase section */
		9C873CFE2B299551008D8277 /* Sources */ = {
			isa = PBXSourcesBuildPhase;
			buildActionMask = 2147483647;
			files = (
				9C873D062B299552008D8277 /* CheckInBoxApp.swift in Sources */,
			);
			runOnlyForDeploymentPostprocessing = 0;
		};
		9C873D0E2B299553008D8277 /* Sources */ = {
			isa = PBXSourcesBuildPhase;
			buildActionMask = 2147483647;
			files = (
				9C873D172B299553008D8277 /* CheckInBoxTests.swift in Sources */,
			);
			runOnlyForDeploymentPostprocessing = 0;
		};
/* End PBXSourcesBuildPhase section */

/* Begin PBXTargetDependency section */
		9C873D142B299553008D8277 /* PBXTargetDependency */ = {
			isa = PBXTargetDependency;
			target = 9C873D012B299551008D8277 /* check-in-box-ios */;
			targetProxy = 9C873D132B299553008D8277 /* PBXContainerItemProxy */;
		};
/* End PBXTargetDependency section */

/* Begin XCBuildConfiguration section */
		9C873D242B299553008D8277 /* Debug */ = {
			isa = XCBuildConfiguration;
			buildSettings = {
				ALWAYS_SEARCH_USER_PATHS = NO;
				ASSETCATALOG_COMPILER_GENERATE_SWIFT_ASSET_SYMBOL_EXTENSIONS = YES;
				CLANG_ANALYZER_NONNULL = YES;
				CLANG_ANALYZER_NUMBER_OBJECT_CONVERSION = YES_AGGRESSIVE;
				CLANG_CXX_LANGUAGE_STANDARD = "gnu++20";
				CLANG_ENABLE_MODULES = YES;
				CLANG_ENABLE_OBJC_ARC = YES;
				CLANG_ENABLE_OBJC_WEAK = YES;
				CLANG_WARN_BLOCK_CAPTURE_AUTORELEASING = YES;
				CLANG_WARN_BOOL_CONVERSION = YES;
				CLANG_WARN_COMMA = YES;
				CLANG_WARN_CONSTANT_CONVERSION = YES;
				CLANG_WARN_DEPRECATED_OBJC_IMPLEMENTATIONS = YES;
				CLANG_WARN_DIRECT_OBJC_ISA_USAGE = YES_ERROR;
				CLANG_WARN_DOCUMENTATION_COMMENTS = YES;
				CLANG_WARN_EMPTY_BODY = YES;
				CLANG_WARN_ENUM_CONVERSION = YES;
				CLANG_WARN_INFINITE_RECURSION = YES;
				CLANG_WARN_INT_CONVERSION = YES;
				CLANG_WARN_NON_LITERAL_NULL_CONVERSION = YES;
				CLANG_WARN_OBJC_IMPLICIT_RETAIN_SELF = YES;
				CLANG_WARN_OBJC_LITERAL_CONVERSION = YES;
				CLANG_WARN_OBJC_ROOT_CLASS = YES_ERROR;
				CLANG_WARN_QUOTED_INCLUDE_IN_FRAMEWORK_HEADER = YES;
				CLANG_WARN_RANGE_LOOP_ANALYSIS = YES;
				CLANG_WARN_STRICT_PROTOTYPES = YES;
				CLANG_WARN_SUSPICIOUS_MOVE = YES;
				CLANG_WARN_UNGUARDED_AVAILABILITY = YES_AGGRESSIVE;
				CLANG_WARN_UNREACHABLE_CODE = YES;
				CLANG_WARN__DUPLICATE_METHOD_MATCH = YES;
				COPY_PHASE_STRIP = NO;
				DEBUG_INFORMATION_FORMAT = "dwarf-with-dsym";
				ENABLE_STRICT_OBJC_MSGSEND = YES;
				ENABLE_TESTABILITY = YES;
				ENABLE_USER_SCRIPT_SANDBOXING = YES;
				GCC_C_LANGUAGE_STANDARD = gnu17;
				GCC_DYNAMIC_NO_PIC = NO;
				GCC_NO_COMMON_BLOCKS = YES;
				GCC_OPTIMIZATION_LEVEL = 0;
				GCC_PREPROCESSOR_DEFINITIONS = (
					"DEBUG=1",
					"$(inherited)",
				);
				GCC_WARN_64_TO_32_BIT_CONVERSION = YES;
				GCC_WARN_ABOUT_RETURN_TYPE = YES_ERROR;
				GCC_WARN_UNDECLARED_SELECTOR = YES;
				GCC_WARN_UNINITIALIZED_AUTOS = YES_AGGRESSIVE;
				GCC_WARN_UNUSED_FUNCTION = YES;
				GCC_WARN_UNUSED_VARIABLE = YES;
				IPHONEOS_DEPLOYMENT_TARGET = 17.0;
				LOCALIZATION_PREFERS_STRING_CATALOGS = YES;
				MTL_ENABLE_DEBUG_INFO = INCLUDE_SOURCE;
				MTL_FAST_MATH = YES;
				ONLY_ACTIVE_ARCH = YES;
				SDKROOT = iphoneos;
				SWIFT_ACTIVE_COMPILATION_CONDITIONS = "DEBUG $(inherited)";
				SWIFT_OPTIMIZATION_LEVEL = "-Onone";
			};
			name = Debug;
		};
		9C873D252B299553008D8277 /* Release */ = {
			isa = XCBuildConfiguration;
			buildSettings = {
				ALWAYS_SEARCH_USER_PATHS = NO;
				ASSETCATALOG_COMPILER_GENERATE_SWIFT_ASSET_SYMBOL_EXTENSIONS = YES;
				CLANG_ANALYZER_NONNULL = YES;
				CLANG_ANALYZER_NUMBER_OBJECT_CONVERSION = YES_AGGRESSIVE;
				CLANG_CXX_LANGUAGE_STANDARD = "gnu++20";
				CLANG_ENABLE_MODULES = YES;
				CLANG_ENABLE_OBJC_ARC = YES;
				CLANG_ENABLE_OBJC_WEAK = YES;
				CLANG_WARN_BLOCK_CAPTURE_AUTORELEASING = YES;
				CLANG_WARN_BOOL_CONVERSION = YES;
				CLANG_WARN_COMMA = YES;
				CLANG_WARN_CONSTANT_CONVERSION = YES;
				CLANG_WARN_DEPRECATED_OBJC_IMPLEMENTATIONS = YES;
				CLANG_WARN_DIRECT_OBJC_ISA_USAGE = YES_ERROR;
				CLANG_WARN_DOCUMENTATION_COMMENTS = YES;
				CLANG_WARN_EMPTY_BODY = YES;
				CLANG_WARN_ENUM_CONVERSION = YES;
				CLANG_WARN_INFINITE_RECURSION = YES;
				CLANG_WARN_INT_CONVERSION = YES;
				CLANG_WARN_NON_LITERAL_NULL_CONVERSION = YES;
				CLANG_WARN_OBJC_IMPLICIT_RETAIN_SELF = YES;
				CLANG_WARN_OBJC_LITERAL_CONVERSION = YES;
				CLANG_WARN_OBJC_ROOT_CLASS = YES_ERROR;
				CLANG_WARN_QUOTED_INCLUDE_IN_FRAMEWORK_HEADER = YES;
				CLANG_WARN_RANGE_LOOP_ANALYSIS = YES;
				CLANG_WARN_STRICT_PROTOTYPES = YES;
				CLANG_WARN_SUSPICIOUS_MOVE = YES;
				CLANG_WARN_UNGUARDED_AVAILABILITY = YES_AGGRESSIVE;
				CLANG_WARN_UNREACHABLE_CODE = YES;
				CLANG_WARN__DUPLICATE_METHOD_MATCH = YES;
				COPY_PHASE_STRIP = NO;
				DEBUG_INFORMATION_FORMAT = "dwarf-with-dsym";
				ENABLE_NS_ASSERTIONS = NO;
				ENABLE_STRICT_OBJC_MSGSEND = YES;
				ENABLE_USER_SCRIPT_SANDBOXING = YES;
				GCC_C_LANGUAGE_STANDARD = gnu17;
				GCC_NO_COMMON_BLOCKS = YES;
				GCC_WARN_64_TO_32_BIT_CONVERSION = YES;
				GCC_WARN_ABOUT_RETURN_TYPE = YES_ERROR;
				GCC_WARN_UNDECLARED_SELECTOR = YES;
				GCC_WARN_UNINITIALIZED_AUTOS = YES_AGGRESSIVE;
				GCC_WARN_UNUSED_FUNCTION = YES;
				GCC_WARN_UNUSED_VARIABLE = YES;
				IPHONEOS_DEPLOYMENT_TARGET = 17.0;
				LOCALIZATION_PREFERS_STRING_CATALOGS = YES;
				MTL_ENABLE_DEBUG_INFO = NO;
				MTL_FAST_MATH = YES;
				SDKROOT = iphoneos;
				SWIFT_COMPILATION_MODE = wholemodule;
				VALIDATE_PRODUCT = YES;
			};
			name = Release;
		};
		9C873D272B299553008D8277 /* Debug */ = {
			isa = XCBuildConfiguration;
			buildSettings = {
				ASSETCATALOG_COMPILER_APPICON_NAME = AppIcon;
				ASSETCATALOG_COMPILER_GLOBAL_ACCENT_COLOR_NAME = AccentColor;
				CODE_SIGN_STYLE = Automatic;
				CURRENT_PROJECT_VERSION = 3;
				DEBUG_INFORMATION_FORMAT = "dwarf-with-dsym";
				DEVELOPMENT_ASSET_PATHS = "check-in-box-ios/Preview\\ Content";
				DEVELOPMENT_TEAM = VCPLDP9723;
				ENABLE_PREVIEWS = YES;
				GENERATE_INFOPLIST_FILE = YES;
				INFOPLIST_KEY_CFBundleDisplayName = "Check-in Box";
				INFOPLIST_KEY_LSApplicationCategoryType = "public.app-category.lifestyle";
				INFOPLIST_KEY_UIApplicationSceneManifest_Generation = YES;
				INFOPLIST_KEY_UIApplicationSupportsIndirectInputEvents = YES;
				INFOPLIST_KEY_UILaunchScreen_Generation = YES;
				INFOPLIST_KEY_UISupportedInterfaceOrientations = "UIInterfaceOrientationLandscapeLeft UIInterfaceOrientationLandscapeRight UIInterfaceOrientationPortrait UIInterfaceOrientationPortraitUpsideDown";
				LD_RUNPATH_SEARCH_PATHS = (
					"$(inherited)",
					"@executable_path/Frameworks",
				);
				MARKETING_VERSION = 0.1.4;
				PRODUCT_BUNDLE_IDENTIFIER = "com.echim.check-in-box-ios";
				PRODUCT_NAME = "$(TARGET_NAME)";
				SWIFT_EMIT_LOC_STRINGS = YES;
				SWIFT_VERSION = 5.0;
				TARGETED_DEVICE_FAMILY = "1,2";
			};
			name = Debug;
		};
		9C873D282B299553008D8277 /* Release */ = {
			isa = XCBuildConfiguration;
			buildSettings = {
				ASSETCATALOG_COMPILER_APPICON_NAME = AppIcon;
				ASSETCATALOG_COMPILER_GLOBAL_ACCENT_COLOR_NAME = AccentColor;
				CODE_SIGN_STYLE = Automatic;
				CURRENT_PROJECT_VERSION = 3;
				DEVELOPMENT_ASSET_PATHS = "check-in-box-ios/Preview\\ Content";
				DEVELOPMENT_TEAM = VCPLDP9723;
				ENABLE_PREVIEWS = YES;
				GENERATE_INFOPLIST_FILE = YES;
				INFOPLIST_KEY_CFBundleDisplayName = "Check-in Box";
				INFOPLIST_KEY_LSApplicationCategoryType = "public.app-category.lifestyle";
				INFOPLIST_KEY_UIApplicationSceneManifest_Generation = YES;
				INFOPLIST_KEY_UIApplicationSupportsIndirectInputEvents = YES;
				INFOPLIST_KEY_UILaunchScreen_Generation = YES;
				INFOPLIST_KEY_UISupportedInterfaceOrientations = "UIInterfaceOrientationLandscapeLeft UIInterfaceOrientationLandscapeRight UIInterfaceOrientationPortrait UIInterfaceOrientationPortraitUpsideDown";
				LD_RUNPATH_SEARCH_PATHS = (
					"$(inherited)",
					"@executable_path/Frameworks",
				);
				MARKETING_VERSION = 0.1.4;
				PRODUCT_BUNDLE_IDENTIFIER = "com.echim.check-in-box-ios";
				PRODUCT_NAME = "$(TARGET_NAME)";
				SWIFT_EMIT_LOC_STRINGS = YES;
				SWIFT_VERSION = 5.0;
				TARGETED_DEVICE_FAMILY = "1,2";
			};
			name = Release;
		};
		9C873D2A2B299553008D8277 /* Debug */ = {
			isa = XCBuildConfiguration;
			buildSettings = {
				ALWAYS_EMBED_SWIFT_STANDARD_LIBRARIES = YES;
				BUNDLE_LOADER = "$(TEST_HOST)";
				CODE_SIGN_STYLE = Automatic;
				CURRENT_PROJECT_VERSION = 1;
				DEVELOPMENT_TEAM = VCPLDP9723;
				GENERATE_INFOPLIST_FILE = YES;
				IPHONEOS_DEPLOYMENT_TARGET = 17.0;
				MARKETING_VERSION = 1.0;
				PRODUCT_BUNDLE_IDENTIFIER = "com.echim.check-in-box-iosTests";
				PRODUCT_NAME = "$(TARGET_NAME)";
				SWIFT_EMIT_LOC_STRINGS = NO;
				SWIFT_VERSION = 5.0;
				TARGETED_DEVICE_FAMILY = "1,2";
				TEST_HOST = "$(BUILT_PRODUCTS_DIR)/check-in-box-ios.app/$(BUNDLE_EXECUTABLE_FOLDER_PATH)/check-in-box-ios";
			};
			name = Debug;
		};
		9C873D2B2B299553008D8277 /* Release */ = {
			isa = XCBuildConfiguration;
			buildSettings = {
				ALWAYS_EMBED_SWIFT_STANDARD_LIBRARIES = YES;
				BUNDLE_LOADER = "$(TEST_HOST)";
				CODE_SIGN_STYLE = Automatic;
				CURRENT_PROJECT_VERSION = 1;
				DEVELOPMENT_TEAM = VCPLDP9723;
				GENERATE_INFOPLIST_FILE = YES;
				IPHONEOS_DEPLOYMENT_TARGET = 17.0;
				MARKETING_VERSION = 1.0;
				PRODUCT_BUNDLE_IDENTIFIER = "com.echim.check-in-box-iosTests";
				PRODUCT_NAME = "$(TARGET_NAME)";
				SWIFT_EMIT_LOC_STRINGS = NO;
				SWIFT_VERSION = 5.0;
				TARGETED_DEVICE_FAMILY = "1,2";
				TEST_HOST = "$(BUILT_PRODUCTS_DIR)/check-in-box-ios.app/$(BUNDLE_EXECUTABLE_FOLDER_PATH)/check-in-box-ios";
			};
			name = Release;
		};
/* End XCBuildConfiguration section */

/* Begin XCConfigurationList section */
		9C873CFD2B299551008D8277 /* Build configuration list for PBXProject "check-in-box-ios" */ = {
			isa = XCConfigurationList;
			buildConfigurations = (
				9C873D242B299553008D8277 /* Debug */,
				9C873D252B299553008D8277 /* Release */,
			);
			defaultConfigurationIsVisible = 0;
			defaultConfigurationName = Release;
		};
		9C873D262B299553008D8277 /* Build configuration list for PBXNativeTarget "check-in-box-ios" */ = {
			isa = XCConfigurationList;
			buildConfigurations = (
				9C873D272B299553008D8277 /* Debug */,
				9C873D282B299553008D8277 /* Release */,
			);
			defaultConfigurationIsVisible = 0;
			defaultConfigurationName = Release;
		};
		9C873D292B299553008D8277 /* Build configuration list for PBXNativeTarget "check-in-box-iosTests" */ = {
			isa = XCConfigurationList;
			buildConfigurations = (
				9C873D2A2B299553008D8277 /* Debug */,
				9C873D2B2B299553008D8277 /* Release */,
			);
			defaultConfigurationIsVisible = 0;
			defaultConfigurationName = Release;
		};
/* End XCConfigurationList section */

/* Begin XCSwiftPackageProductDependency section */
		9CB330C82B3EA306002B861B /* Features */ = {
			isa = XCSwiftPackageProductDependency;
			productName = Features;
		};
/* End XCSwiftPackageProductDependency section */
	};
	rootObject = 9C873CFA2B299551008D8277 /* Project object */;
}
